<?xml version="1.0" encoding="utf-8"?>
<Project ToolsVersion="4.0" xmlns="http://schemas.microsoft.com/developer/msbuild/2003">
  <ItemGroup>
    <Filter Include="source">
      <UniqueIdentifier>{ff990816-ecf5-4e18-a5bd-73c2cff197c7}</UniqueIdentifier>
    </Filter>
    <Filter Include="include">
      <UniqueIdentifier>{13c2a3b9-4e4e-4408-bfdc-96c5b0553ecd}</UniqueIdentifier>
    </Filter>
  </ItemGroup>
  <ItemGroup>
    <ClCompile Include="source\main.c">
      <Filter>source</Filter>
    </ClCompile>
  </ItemGroup>
</Project>