<?xml version="1.0" encoding="utf-8"?>
<Project ToolsVersion="4.0" xmlns="http://schemas.microsoft.com/developer/msbuild/2003">
  <ItemGroup>
    <Filter Include="source">
      <UniqueIdentifier>{c61bb03c-0f58-481b-9001-47ccfe35dddc}</UniqueIdentifier>
    </Filter>
    <Filter Include="include">
      <UniqueIdentifier>{c7a7bd0f-e2e7-479d-9f51-a1e5692053fd}</UniqueIdentifier>
    </Filter>
  </ItemGroup>
  <ItemGroup>
    <ClCompile Include="source\main.c">
      <Filter>source</Filter>
    </ClCompile>
  </ItemGroup>
</Project>